
Microsoft Visual Studio Solution File, Format Version 12.00
# Visual Studio Version 17
VisualStudioVersion = 17.0.31903.59
MinimumVisualStudioVersion = 10.0.40219.1
Project("{2150E333-8FDC-42A3-9474-1A3956D46DE8}") = "backend", "backend", "{1AE8ACA6-933B-BF2A-3671-3E2EAC007D16}"
EndProject
Project("{FAE04EC0-301F-11D3-BF4B-00C04F79EFBC}") = "backend-menu", "backend\backend-menu\backend-menu.csproj", "{E216FCFF-BC62-4E8D-AE14-E0A934B046A5}"
EndProject
Project("{FAE04EC0-301F-11D3-BF4B-00C04F79EFBC}") = "backend-payment", "backend\backend-payment\backend-payment.csproj", "{1D035F9E-ED98-4FDF-A4E9-7355EBB93C6F}"
EndProject
Project("{FAE04EC0-301F-11D3-BF4B-00C04F79EFBC}") = "backend-user", "backend\backend-user\backend-user.csproj", "{B448B172-4055-4F76-97D8-6FF0D4E667F2}"
EndProject
Project("{FAE04EC0-301F-11D3-BF4B-00C04F79EFBC}") = "backend-order", "backend\backend-order\backend-order.csproj", "{CCDE995E-7176-4115-8C33-D64F9DE1FBF4}"
EndProject
Project("{FAE04EC0-301F-11D3-BF4B-00C04F79EFBC}") = "backend-kitchen", "backend\backend-kitchen\backend-kitchen.csproj", "{0DA543CA-35E1-4E99-9C86-7FC6646C5780}"
EndProject
Project("{FAE04EC0-301F-11D3-BF4B-00C04F79EFBC}") = "backend-loyalty", "backend\backend-loyalty\backend-loyalty.csproj", "{B15C2A16-220C-4262-BC11-FDB7A6FCF505}"
EndProject
Project("{2150E333-8FDC-42A3-9474-1A3956D46DE8}") = "Tests", "Tests", "{0AB3BF05-4346-4AA6-1389-037BE0695223}"
EndProject
Project("{FAE04EC0-301F-11D3-BF4B-00C04F79EFBC}") = "Menu.Tests", "Tests\Menu.Tests\Menu.Tests.csproj", "{27EFA17D-7E30-4C43-8566-8A9C46169701}"
EndProject
Project("{FAE04EC0-301F-11D3-BF4B-00C04F79EFBC}") = "Loyalty.Tests", "Tests\Loyalty.Tests\Loyalty.Tests.csproj", "{971B70D0-09FE-4894-A063-5062473DA86B}"
EndProject
Global
	GlobalSection(SolutionConfigurationPlatforms) = preSolution
		Debug|Any CPU = Debug|Any CPU
		Debug|x64 = Debug|x64
		Debug|x86 = Debug|x86
		Release|Any CPU = Release|Any CPU
		Release|x64 = Release|x64
		Release|x86 = Release|x86
	EndGlobalSection
	GlobalSection(ProjectConfigurationPlatforms) = postSolution
		{E216FCFF-BC62-4E8D-AE14-E0A934B046A5}.Debug|Any CPU.ActiveCfg = Debug|Any CPU
		{E216FCFF-BC62-4E8D-AE14-E0A934B046A5}.Debug|Any CPU.Build.0 = Debug|Any CPU
		{E216FCFF-BC62-4E8D-AE14-E0A934B046A5}.Debug|x64.ActiveCfg = Debug|Any CPU
		{E216FCFF-BC62-4E8D-AE14-E0A934B046A5}.Debug|x64.Build.0 = Debug|Any CPU
		{E216FCFF-BC62-4E8D-AE14-E0A934B046A5}.Debug|x86.ActiveCfg = Debug|Any CPU
		{E216FCFF-BC62-4E8D-AE14-E0A934B046A5}.Debug|x86.Build.0 = Debug|Any CPU
		{E216FCFF-BC62-4E8D-AE14-E0A934B046A5}.Release|Any CPU.ActiveCfg = Release|Any CPU
		{E216FCFF-BC62-4E8D-AE14-E0A934B046A5}.Release|Any CPU.Build.0 = Release|Any CPU
		{E216FCFF-BC62-4E8D-AE14-E0A934B046A5}.Release|x64.ActiveCfg = Release|Any CPU
		{E216FCFF-BC62-4E8D-AE14-E0A934B046A5}.Release|x64.Build.0 = Release|Any CPU
		{E216FCFF-BC62-4E8D-AE14-E0A934B046A5}.Release|x86.ActiveCfg = Release|Any CPU
		{E216FCFF-BC62-4E8D-AE14-E0A934B046A5}.Release|x86.Build.0 = Release|Any CPU
		{1D035F9E-ED98-4FDF-A4E9-7355EBB93C6F}.Debug|Any CPU.ActiveCfg = Debug|Any CPU
		{1D035F9E-ED98-4FDF-A4E9-7355EBB93C6F}.Debug|Any CPU.Build.0 = Debug|Any CPU
		{1D035F9E-ED98-4FDF-A4E9-7355EBB93C6F}.Debug|x64.ActiveCfg = Debug|Any CPU
		{1D035F9E-ED98-4FDF-A4E9-7355EBB93C6F}.Debug|x64.Build.0 = Debug|Any CPU
		{1D035F9E-ED98-4FDF-A4E9-7355EBB93C6F}.Debug|x86.ActiveCfg = Debug|Any CPU
		{1D035F9E-ED98-4FDF-A4E9-7355EBB93C6F}.Debug|x86.Build.0 = Debug|Any CPU
		{1D035F9E-ED98-4FDF-A4E9-7355EBB93C6F}.Release|Any CPU.ActiveCfg = Release|Any CPU
		{1D035F9E-ED98-4FDF-A4E9-7355EBB93C6F}.Release|Any CPU.Build.0 = Release|Any CPU
		{1D035F9E-ED98-4FDF-A4E9-7355EBB93C6F}.Release|x64.ActiveCfg = Release|Any CPU
		{1D035F9E-ED98-4FDF-A4E9-7355EBB93C6F}.Release|x64.Build.0 = Release|Any CPU
		{1D035F9E-ED98-4FDF-A4E9-7355EBB93C6F}.Release|x86.ActiveCfg = Release|Any CPU
		{1D035F9E-ED98-4FDF-A4E9-7355EBB93C6F}.Release|x86.Build.0 = Release|Any CPU
		{B448B172-4055-4F76-97D8-6FF0D4E667F2}.Debug|Any CPU.ActiveCfg = Debug|Any CPU
		{B448B172-4055-4F76-97D8-6FF0D4E667F2}.Debug|Any CPU.Build.0 = Debug|Any CPU
		{B448B172-4055-4F76-97D8-6FF0D4E667F2}.Debug|x64.ActiveCfg = Debug|Any CPU
		{B448B172-4055-4F76-97D8-6FF0D4E667F2}.Debug|x64.Build.0 = Debug|Any CPU
		{B448B172-4055-4F76-97D8-6FF0D4E667F2}.Debug|x86.ActiveCfg = Debug|Any CPU
		{B448B172-4055-4F76-97D8-6FF0D4E667F2}.Debug|x86.Build.0 = Debug|Any CPU
		{B448B172-4055-4F76-97D8-6FF0D4E667F2}.Release|Any CPU.ActiveCfg = Release|Any CPU
		{B448B172-4055-4F76-97D8-6FF0D4E667F2}.Release|Any CPU.Build.0 = Release|Any CPU
		{B448B172-4055-4F76-97D8-6FF0D4E667F2}.Release|x64.ActiveCfg = Release|Any CPU
		{B448B172-4055-4F76-97D8-6FF0D4E667F2}.Release|x64.Build.0 = Release|Any CPU
		{B448B172-4055-4F76-97D8-6FF0D4E667F2}.Release|x86.ActiveCfg = Release|Any CPU
		{B448B172-4055-4F76-97D8-6FF0D4E667F2}.Release|x86.Build.0 = Release|Any CPU
		{CCDE995E-7176-4115-8C33-D64F9DE1FBF4}.Debug|Any CPU.ActiveCfg = Debug|Any CPU
		{CCDE995E-7176-4115-8C33-D64F9DE1FBF4}.Debug|Any CPU.Build.0 = Debug|Any CPU
		{CCDE995E-7176-4115-8C33-D64F9DE1FBF4}.Debug|x64.ActiveCfg = Debug|Any CPU
		{CCDE995E-7176-4115-8C33-D64F9DE1FBF4}.Debug|x64.Build.0 = Debug|Any CPU
		{CCDE995E-7176-4115-8C33-D64F9DE1FBF4}.Debug|x86.ActiveCfg = Debug|Any CPU
		{CCDE995E-7176-4115-8C33-D64F9DE1FBF4}.Debug|x86.Build.0 = Debug|Any CPU
		{CCDE995E-7176-4115-8C33-D64F9DE1FBF4}.Release|Any CPU.ActiveCfg = Release|Any CPU
		{CCDE995E-7176-4115-8C33-D64F9DE1FBF4}.Release|Any CPU.Build.0 = Release|Any CPU
		{CCDE995E-7176-4115-8C33-D64F9DE1FBF4}.Release|x64.ActiveCfg = Release|Any CPU
		{CCDE995E-7176-4115-8C33-D64F9DE1FBF4}.Release|x64.Build.0 = Release|Any CPU
		{CCDE995E-7176-4115-8C33-D64F9DE1FBF4}.Release|x86.ActiveCfg = Release|Any CPU
		{CCDE995E-7176-4115-8C33-D64F9DE1FBF4}.Release|x86.Build.0 = Release|Any CPU
		{0DA543CA-35E1-4E99-9C86-7FC6646C5780}.Debug|Any CPU.ActiveCfg = Debug|Any CPU
		{0DA543CA-35E1-4E99-9C86-7FC6646C5780}.Debug|Any CPU.Build.0 = Debug|Any CPU
		{0DA543CA-35E1-4E99-9C86-7FC6646C5780}.Debug|x64.ActiveCfg = Debug|Any CPU
		{0DA543CA-35E1-4E99-9C86-7FC6646C5780}.Debug|x64.Build.0 = Debug|Any CPU
		{0DA543CA-35E1-4E99-9C86-7FC6646C5780}.Debug|x86.ActiveCfg = Debug|Any CPU
		{0DA543CA-35E1-4E99-9C86-7FC6646C5780}.Debug|x86.Build.0 = Debug|Any CPU
		{0DA543CA-35E1-4E99-9C86-7FC6646C5780}.Release|Any CPU.ActiveCfg = Release|Any CPU
		{0DA543CA-35E1-4E99-9C86-7FC6646C5780}.Release|Any CPU.Build.0 = Release|Any CPU
		{0DA543CA-35E1-4E99-9C86-7FC6646C5780}.Release|x64.ActiveCfg = Release|Any CPU
		{0DA543CA-35E1-4E99-9C86-7FC6646C5780}.Release|x64.Build.0 = Release|Any CPU
		{0DA543CA-35E1-4E99-9C86-7FC6646C5780}.Release|x86.ActiveCfg = Release|Any CPU
		{0DA543CA-35E1-4E99-9C86-7FC6646C5780}.Release|x86.Build.0 = Release|Any CPU
		{B15C2A16-220C-4262-BC11-FDB7A6FCF505}.Debug|Any CPU.ActiveCfg = Debug|Any CPU
		{B15C2A16-220C-4262-BC11-FDB7A6FCF505}.Debug|Any CPU.Build.0 = Debug|Any CPU
		{B15C2A16-220C-4262-BC11-FDB7A6FCF505}.Debug|x64.ActiveCfg = Debug|Any CPU
		{B15C2A16-220C-4262-BC11-FDB7A6FCF505}.Debug|x64.Build.0 = Debug|Any CPU
		{B15C2A16-220C-4262-BC11-FDB7A6FCF505}.Debug|x86.ActiveCfg = Debug|Any CPU
		{B15C2A16-220C-4262-BC11-FDB7A6FCF505}.Debug|x86.Build.0 = Debug|Any CPU
		{B15C2A16-220C-4262-BC11-FDB7A6FCF505}.Release|Any CPU.ActiveCfg = Release|Any CPU
		{B15C2A16-220C-4262-BC11-FDB7A6FCF505}.Release|Any CPU.Build.0 = Release|Any CPU
		{B15C2A16-220C-4262-BC11-FDB7A6FCF505}.Release|x64.ActiveCfg = Release|Any CPU
		{B15C2A16-220C-4262-BC11-FDB7A6FCF505}.Release|x64.Build.0 = Release|Any CPU
		{B15C2A16-220C-4262-BC11-FDB7A6FCF505}.Release|x86.ActiveCfg = Release|Any CPU
		{B15C2A16-220C-4262-BC11-FDB7A6FCF505}.Release|x86.Build.0 = Release|Any CPU
		{27EFA17D-7E30-4C43-8566-8A9C46169701}.Debug|Any CPU.ActiveCfg = Debug|Any CPU
		{27EFA17D-7E30-4C43-8566-8A9C46169701}.Debug|Any CPU.Build.0 = Debug|Any CPU
		{27EFA17D-7E30-4C43-8566-8A9C46169701}.Debug|x64.ActiveCfg = Debug|Any CPU
		{27EFA17D-7E30-4C43-8566-8A9C46169701}.Debug|x64.Build.0 = Debug|Any CPU
		{27EFA17D-7E30-4C43-8566-8A9C46169701}.Debug|x86.ActiveCfg = Debug|Any CPU
		{27EFA17D-7E30-4C43-8566-8A9C46169701}.Debug|x86.Build.0 = Debug|Any CPU
		{27EFA17D-7E30-4C43-8566-8A9C46169701}.Release|Any CPU.ActiveCfg = Release|Any CPU
		{27EFA17D-7E30-4C43-8566-8A9C46169701}.Release|Any CPU.Build.0 = Release|Any CPU
		{27EFA17D-7E30-4C43-8566-8A9C46169701}.Release|x64.ActiveCfg = Release|Any CPU
		{27EFA17D-7E30-4C43-8566-8A9C46169701}.Release|x64.Build.0 = Release|Any CPU
		{27EFA17D-7E30-4C43-8566-8A9C46169701}.Release|x86.ActiveCfg = Release|Any CPU
		{27EFA17D-7E30-4C43-8566-8A9C46169701}.Release|x86.Build.0 = Release|Any CPU
		{971B70D0-09FE-4894-A063-5062473DA86B}.Debug|Any CPU.ActiveCfg = Debug|Any CPU
		{971B70D0-09FE-4894-A063-5062473DA86B}.Debug|Any CPU.Build.0 = Debug|Any CPU
		{971B70D0-09FE-4894-A063-5062473DA86B}.Debug|x64.ActiveCfg = Debug|Any CPU
		{971B70D0-09FE-4894-A063-5062473DA86B}.Debug|x64.Build.0 = Debug|Any CPU
		{971B70D0-09FE-4894-A063-5062473DA86B}.Debug|x86.ActiveCfg = Debug|Any CPU
		{971B70D0-09FE-4894-A063-5062473DA86B}.Debug|x86.Build.0 = Debug|Any CPU
		{971B70D0-09FE-4894-A063-5062473DA86B}.Release|Any CPU.ActiveCfg = Release|Any CPU
		{971B70D0-09FE-4894-A063-5062473DA86B}.Release|Any CPU.Build.0 = Release|Any CPU
		{971B70D0-09FE-4894-A063-5062473DA86B}.Release|x64.ActiveCfg = Release|Any CPU
		{971B70D0-09FE-4894-A063-5062473DA86B}.Release|x64.Build.0 = Release|Any CPU
		{971B70D0-09FE-4894-A063-5062473DA86B}.Release|x86.ActiveCfg = Release|Any CPU
		{971B70D0-09FE-4894-A063-5062473DA86B}.Release|x86.Build.0 = Release|Any CPU
	EndGlobalSection
	GlobalSection(SolutionProperties) = preSolution
		HideSolutionNode = FALSE
	EndGlobalSection
	GlobalSection(NestedProjects) = preSolution
		{E216FCFF-BC62-4E8D-AE14-E0A934B046A5} = {1AE8ACA6-933B-BF2A-3671-3E2EAC007D16}
		{1D035F9E-ED98-4FDF-A4E9-7355EBB93C6F} = {1AE8ACA6-933B-BF2A-3671-3E2EAC007D16}
		{B448B172-4055-4F76-97D8-6FF0D4E667F2} = {1AE8ACA6-933B-BF2A-3671-3E2EAC007D16}
		{CCDE995E-7176-4115-8C33-D64F9DE1FBF4} = {1AE8ACA6-933B-BF2A-3671-3E2EAC007D16}
		{0DA543CA-35E1-4E99-9C86-7FC6646C5780} = {1AE8ACA6-933B-BF2A-3671-3E2EAC007D16}
		{B15C2A16-220C-4262-BC11-FDB7A6FCF505} = {1AE8ACA6-933B-BF2A-3671-3E2EAC007D16}
		{27EFA17D-7E30-4C43-8566-8A9C46169701} = {0AB3BF05-4346-4AA6-1389-037BE0695223}
		{971B70D0-09FE-4894-A063-5062473DA86B} = {0AB3BF05-4346-4AA6-1389-037BE0695223}
	EndGlobalSection
EndGlobal
