
Microsoft Visual Studio Solution File, Format Version 12.00
# Visual Studio Version 17
VisualStudioVersion = 17.0.31903.59
MinimumVisualStudioVersion = 10.0.40219.1
Project("{2150E333-8FDC-42A3-9474-1A3956D46DE8}") = "backend", ".", "{1AE8ACA6-933B-BF2A-3671-3E2EAC007D16}"
EndProject
Project("{FAE04EC0-301F-11D3-BF4B-00C04F79EFBC}") = "backend", "backend.csproj", "{D5F3BD3E-49DE-4519-8D49-A8CEB28625A5}"
EndProject
Project("{2150E333-8FDC-42A3-9474-1A3956D46DE8}") = "Backend Tests", "Backend Tests", "{AE3A07EC-BE4F-478B-92A2-928B04C072FE}"
EndProject
Project("{FAE04EC0-301F-11D3-BF4B-00C04F79EFBC}") = "Backend.Tests", "Tests\Backend.Tests.csproj", "{447E5D45-241E-4471-B305-D626B4F19450}"
EndProject
Global
	GlobalSection(SolutionConfigurationPlatforms) = preSolution
		Debug|Any CPU = Debug|Any CPU
		Debug|x64 = Debug|x64
		Debug|x86 = Debug|x86
		Release|Any CPU = Release|Any CPU
		Release|x64 = Release|x64
		Release|x86 = Release|x86
	EndGlobalSection
	GlobalSection(ProjectConfigurationPlatforms) = postSolution
		{D5F3BD3E-49DE-4519-8D49-A8CEB28625A5}.Debug|Any CPU.ActiveCfg = Debug|Any CPU
		{D5F3BD3E-49DE-4519-8D49-A8CEB28625A5}.Debug|Any CPU.Build.0 = Debug|Any CPU
		{D5F3BD3E-49DE-4519-8D49-A8CEB28625A5}.Debug|x64.ActiveCfg = Debug|Any CPU
		{D5F3BD3E-49DE-4519-8D49-A8CEB28625A5}.Debug|x64.Build.0 = Debug|Any CPU
		{D5F3BD3E-49DE-4519-8D49-A8CEB28625A5}.Debug|x86.ActiveCfg = Debug|Any CPU
		{D5F3BD3E-49DE-4519-8D49-A8CEB28625A5}.Debug|x86.Build.0 = Debug|Any CPU
		{D5F3BD3E-49DE-4519-8D49-A8CEB28625A5}.Release|Any CPU.ActiveCfg = Release|Any CPU
		{D5F3BD3E-49DE-4519-8D49-A8CEB28625A5}.Release|Any CPU.Build.0 = Release|Any CPU
		{D5F3BD3E-49DE-4519-8D49-A8CEB28625A5}.Release|x64.ActiveCfg = Release|Any CPU
		{D5F3BD3E-49DE-4519-8D49-A8CEB28625A5}.Release|x64.Build.0 = Release|Any CPU
		{D5F3BD3E-49DE-4519-8D49-A8CEB28625A5}.Release|x86.ActiveCfg = Release|Any CPU
		{D5F3BD3E-49DE-4519-8D49-A8CEB28625A5}.Release|x86.Build.0 = Release|Any CPU
		{447E5D45-241E-4471-B305-D626B4F19450}.Debug|Any CPU.ActiveCfg = Debug|Any CPU
		{447E5D45-241E-4471-B305-D626B4F19450}.Debug|Any CPU.Build.0 = Debug|Any CPU
		{447E5D45-241E-4471-B305-D626B4F19450}.Debug|x64.ActiveCfg = Debug|Any CPU
		{447E5D45-241E-4471-B305-D626B4F19450}.Debug|x64.Build.0 = Debug|Any CPU
		{447E5D45-241E-4471-B305-D626B4F19450}.Debug|x86.ActiveCfg = Debug|Any CPU
		{447E5D45-241E-4471-B305-D626B4F19450}.Debug|x86.Build.0 = Debug|Any CPU
		{447E5D45-241E-4471-B305-D626B4F19450}.Release|Any CPU.ActiveCfg = Release|Any CPU
		{447E5D45-241E-4471-B305-D626B4F19450}.Release|Any CPU.Build.0 = Release|Any CPU
		{447E5D45-241E-4471-B305-D626B4F19450}.Release|x64.ActiveCfg = Release|Any CPU
		{447E5D45-241E-4471-B305-D626B4F19450}.Release|x64.Build.0 = Release|Any CPU
		{447E5D45-241E-4471-B305-D626B4F19450}.Release|x86.ActiveCfg = Release|Any CPU
		{447E5D45-241E-4471-B305-D626B4F19450}.Release|x86.Build.0 = Release|Any CPU
	EndGlobalSection
	GlobalSection(SolutionProperties) = preSolution
		HideSolutionNode = FALSE
	EndGlobalSection
	GlobalSection(NestedProjects) = preSolution
		{D5F3BD3E-49DE-4519-8D49-A8CEB28625A5} = {1AE8ACA6-933B-BF2A-3671-3E2EAC007D16}
		{447E5D45-241E-4471-B305-D626B4F19450} = {AE3A07EC-BE4F-478B-92A2-928B04C072FE}
	EndGlobalSection
EndGlobal

