
Microsoft Visual Studio Solution File, Format Version 12.00
Project("{FAE04EC0-301F-11D3-BF4B-00C04F79EFBC}") = "backend-menu", "backend-menu.csproj", "{91A67FB7-29A7-4586-95B6-88A9FF96FA20}"
EndProject
Global
	GlobalSection(SolutionConfigurationPlatforms) = preSolution
		Debug|Any CPU = Debug|Any CPU
		Release|Any CPU = Release|Any CPU
	EndGlobalSection
	GlobalSection(ProjectConfigurationPlatforms) = postSolution
		{91A67FB7-29A7-4586-95B6-88A9FF96FA20}.Debug|Any CPU.ActiveCfg = Debug|Any CPU
		{91A67FB7-29A7-4586-95B6-88A9FF96FA20}.Debug|Any CPU.Build.0 = Debug|Any CPU
		{91A67FB7-29A7-4586-95B6-88A9FF96FA20}.Release|Any CPU.ActiveCfg = Release|Any CPU
		{91A67FB7-29A7-4586-95B6-88A9FF96FA20}.Release|Any CPU.Build.0 = Release|Any CPU
	EndGlobalSection
EndGlobal
